
Microsoft Visual Studio Solution File, Format Version 12.00
# Visual Studio Version 17
VisualStudioVersion = 17.0.32126.317
MinimumVisualStudioVersion = 10.0.40219.1
Project("{9A19103F-16F7-4668-BE54-9A1E7A4F7556}") = "AndreAirLinesWebApplication", "AndreAirLinesWebApplication\AndreAirLinesWebApplication.csproj", "{EC54C61C-9404-4997-A5CA-EDD1DA3E8512}"
EndProject
Project("{FAE04EC0-301F-11D3-BF4B-00C04F79EFBC}") = "GeradorDados", "GeradorDados\GeradorDados.csproj", "{0CEDD0A9-B17C-44BD-8946-271C1CDB224E}"
EndProject
Global
	GlobalSection(SolutionConfigurationPlatforms) = preSolution
		Debug|Any CPU = Debug|Any CPU
		Release|Any CPU = Release|Any CPU
	EndGlobalSection
	GlobalSection(ProjectConfigurationPlatforms) = postSolution
		{EC54C61C-9404-4997-A5CA-EDD1DA3E8512}.Debug|Any CPU.ActiveCfg = Debug|Any CPU
		{EC54C61C-9404-4997-A5CA-EDD1DA3E8512}.Debug|Any CPU.Build.0 = Debug|Any CPU
		{EC54C61C-9404-4997-A5CA-EDD1DA3E8512}.Release|Any CPU.ActiveCfg = Release|Any CPU
		{EC54C61C-9404-4997-A5CA-EDD1DA3E8512}.Release|Any CPU.Build.0 = Release|Any CPU
		{0CEDD0A9-B17C-44BD-8946-271C1CDB224E}.Debug|Any CPU.ActiveCfg = Debug|Any CPU
		{0CEDD0A9-B17C-44BD-8946-271C1CDB224E}.Debug|Any CPU.Build.0 = Debug|Any CPU
		{0CEDD0A9-B17C-44BD-8946-271C1CDB224E}.Release|Any CPU.ActiveCfg = Release|Any CPU
		{0CEDD0A9-B17C-44BD-8946-271C1CDB224E}.Release|Any CPU.Build.0 = Release|Any CPU
	EndGlobalSection
	GlobalSection(SolutionProperties) = preSolution
		HideSolutionNode = FALSE
	EndGlobalSection
	GlobalSection(ExtensibilityGlobals) = postSolution
		SolutionGuid = {FBABF201-D0BB-489F-839F-1B1C49908CCD}
	EndGlobalSection
EndGlobal
